
Microsoft Visual Studio Solution File, Format Version 12.00
# Visual Studio Version 16
VisualStudioVersion = 16.0.31702.278
MinimumVisualStudioVersion = 10.0.40219.1
Project("{FAE04EC0-301F-11D3-BF4B-00C04F79EFBC}") = "NumberParser", "NumberParser.csproj", "{50885085-F930-4FD1-ACDD-8714FE9D4542}"
EndProject
Global
	GlobalSection(SolutionConfigurationPlatforms) = preSolution
		Debug|Any CPU = Debug|Any CPU
		Release|Any CPU = Release|Any CPU
	EndGlobalSection
	GlobalSection(ProjectConfigurationPlatforms) = postSolution
		{50885085-F930-4FD1-ACDD-8714FE9D4542}.Debug|Any CPU.ActiveCfg = Debug|Any CPU
		{50885085-F930-4FD1-ACDD-8714FE9D4542}.Debug|Any CPU.Build.0 = Debug|Any CPU
		{50885085-F930-4FD1-ACDD-8714FE9D4542}.Release|Any CPU.ActiveCfg = Release|Any CPU
		{50885085-F930-4FD1-ACDD-8714FE9D4542}.Release|Any CPU.Build.0 = Release|Any CPU
	EndGlobalSection
	GlobalSection(SolutionProperties) = preSolution
		HideSolutionNode = FALSE
	EndGlobalSection
	GlobalSection(ExtensibilityGlobals) = postSolution
		SolutionGuid = {145BBA9E-2E3E-4157-91CA-0C6A1590C5A4}
	EndGlobalSection
EndGlobal
